Microsoft Visual Studio Solution File, Format Version 12.00
# Visual Studio Version 16
VisualStudioVersion = 16.0.29911.84
MinimumVisualStudioVersion = 10.0.40219.1
Project("{9A19103F-16F7-4668-BE54-9A1E7A4F7556}") = "BookAPI", "BookAPI\BookAPI.csproj", "{F748B7AB-384D-49C7-BCC5-F9A4EA4DEFFE}"
EndProject
Global
	GlobalSection(SolutionConfigurationPlatforms) = preSolution
		Debug|Any CPU = Debug|Any CPU
		Release|Any CPU = Release|Any CPU
	EndGlobalSection
	GlobalSection(ProjectConfigurationPlatforms) = postSolution
		{F748B7AB-384D-49C7-BCC5-F9A4EA4DEFFE}.Debug|Any CPU.ActiveCfg = Debug|Any CPU
		{F748B7AB-384D-49C7-BCC5-F9A4EA4DEFFE}.Debug|Any CPU.Build.0 = Debug|Any CPU
		{F748B7AB-384D-49C7-BCC5-F9A4EA4DEFFE}.Release|Any CPU.ActiveCfg = Release|Any CPU
		{F748B7AB-384D-49C7-BCC5-F9A4EA4DEFFE}.Release|Any CPU.Build.0 = Release|Any CPU
	EndGlobalSection
	GlobalSection(SolutionProperties) = preSolution
		HideSolutionNode = FALSE
	EndGlobalSection
	GlobalSection(ExtensibilityGlobals) = postSolution
		SolutionGuid = {86E8B431-37AA-40C0-9C1D-344D6308982C}
	EndGlobalSection
EndGlobal
